
Microsoft Visual Studio Solution File, Format Version 12.00
# Visual Studio Version 16
VisualStudioVersion = 16.0.32901.82
MinimumVisualStudioVersion = 10.0.40219.1
Project("{FAE04EC0-301F-11D3-BF4B-00C04F79EFBC}") = "RBLXCompressor", "RBLXCompressor.csproj", "{2D378244-BBB3-4751-B1F1-F724641652AA}"
EndProject
Global
	GlobalSection(SolutionConfigurationPlatforms) = preSolution
		Debug|Any CPU = Debug|Any CPU
		Release|Any CPU = Release|Any CPU
	EndGlobalSection
	GlobalSection(ProjectConfigurationPlatforms) = postSolution
		{2D378244-BBB3-4751-B1F1-F724641652AA}.Debug|Any CPU.ActiveCfg = Debug|Any CPU
		{2D378244-BBB3-4751-B1F1-F724641652AA}.Debug|Any CPU.Build.0 = Debug|Any CPU
		{2D378244-BBB3-4751-B1F1-F724641652AA}.Release|Any CPU.ActiveCfg = Release|Any CPU
		{2D378244-BBB3-4751-B1F1-F724641652AA}.Release|Any CPU.Build.0 = Release|Any CPU
	EndGlobalSection
	GlobalSection(SolutionProperties) = preSolution
		HideSolutionNode = FALSE
	EndGlobalSection
	GlobalSection(ExtensibilityGlobals) = postSolution
		SolutionGuid = {F47864AC-5E82-407B-B08E-BCF3914D5406}
	EndGlobalSection
EndGlobal
